
Microsoft Visual Studio Solution File, Format Version 12.00
# Visual Studio Version 17
VisualStudioVersion = 17.0.32112.339
MinimumVisualStudioVersion = 10.0.40219.1
Project("{FAE04EC0-301F-11D3-BF4B-00C04F79EFBC}") = "SampleApp.Android", "SampleApp\SampleApp.Android\SampleApp.Android.csproj", "{22F2BFDE-B107-4829-957A-3D1467366DEC}"
EndProject
Project("{FAE04EC0-301F-11D3-BF4B-00C04F79EFBC}") = "SampleApp", "SampleApp\SampleApp\SampleApp.csproj", "{66D65D01-FEE0-44EC-B3A8-88E5F38EFA2C}"
EndProject
Global
	GlobalSection(SolutionConfigurationPlatforms) = preSolution
		Debug|Any CPU = Debug|Any CPU
		Release|Any CPU = Release|Any CPU
	EndGlobalSection
	GlobalSection(ProjectConfigurationPlatforms) = postSolution
		{22F2BFDE-B107-4829-957A-3D1467366DEC}.Debug|Any CPU.ActiveCfg = Debug|Any CPU
		{22F2BFDE-B107-4829-957A-3D1467366DEC}.Debug|Any CPU.Build.0 = Debug|Any CPU
		{22F2BFDE-B107-4829-957A-3D1467366DEC}.Debug|Any CPU.Deploy.0 = Debug|Any CPU
		{22F2BFDE-B107-4829-957A-3D1467366DEC}.Release|Any CPU.ActiveCfg = Release|Any CPU
		{22F2BFDE-B107-4829-957A-3D1467366DEC}.Release|Any CPU.Build.0 = Release|Any CPU
		{22F2BFDE-B107-4829-957A-3D1467366DEC}.Release|Any CPU.Deploy.0 = Release|Any CPU
		{66D65D01-FEE0-44EC-B3A8-88E5F38EFA2C}.Debug|Any CPU.ActiveCfg = Debug|Any CPU
		{66D65D01-FEE0-44EC-B3A8-88E5F38EFA2C}.Debug|Any CPU.Build.0 = Debug|Any CPU
		{66D65D01-FEE0-44EC-B3A8-88E5F38EFA2C}.Debug|Any CPU.Deploy.0 = Debug|Any CPU
		{66D65D01-FEE0-44EC-B3A8-88E5F38EFA2C}.Release|Any CPU.ActiveCfg = Release|Any CPU
		{66D65D01-FEE0-44EC-B3A8-88E5F38EFA2C}.Release|Any CPU.Build.0 = Release|Any CPU
		{66D65D01-FEE0-44EC-B3A8-88E5F38EFA2C}.Release|Any CPU.Deploy.0 = Release|Any CPU
	EndGlobalSection
	GlobalSection(SolutionProperties) = preSolution
		HideSolutionNode = FALSE
	EndGlobalSection
	GlobalSection(ExtensibilityGlobals) = postSolution
		SolutionGuid = {842D16B6-1C71-4A1F-81D6-5D92260BF356}
	EndGlobalSection
EndGlobal
